{
    "_readme": [
        "This file locks the dependencies of your project to a known state",
        "Read more about it at https://getcomposer.org/doc/01-basic-usage.md#installing-dependencies",
        "This file is @generated automatically"
    ],
    "content-hash": "f416a268aef265491cf5d71403e1d771",
    "packages": [
        {
            "name": "zohocrm/php-sdk",
            "version": "2.0.1",
            "source": {
                "type": "git",
                "url": "https://github.com/zoho/zcrm-php-sdk.git",
                "reference": "09c24cb7b413ff0f179add1f98a4341c6fa603f0"
            },
            "dist": {
                "type": "zip",
                "url": "https://api.github.com/repos/zoho/zcrm-php-sdk/zipball/09c24cb7b413ff0f179add1f98a4341c6fa603f0",
                "reference": "09c24cb7b413ff0f179add1f98a4341c6fa603f0",
                "shasum": ""
            },
            "require": {
                "php": ">=5.6"
            },
            "require-dev": {
                "phpunit/phpunit": ">=5.7"
            },
            "type": "sdk",
            "autoload": {
                "psr-4": {
                    "zcrmsdk\\": "src/"
                }
            },
            "notification-url": "https://packagist.org/downloads/",
            "authors": [
                {
                    "name": "Zoho CRM API Team",
                    "email": "support@zohocrm.com",
                    "homepage": "https://www.zoho.com/crm/help/customer-support.html",
                    "role": "Developer"
                }
            ],
            "description": "Zoho CRM API SDK for PHP",
            "homepage": "https://github.com/zoho/zcrm-php-sdk",
            "time": "2019-05-30T13:27:29+00:00"
        }
    ],
    "packages-dev": [],
    "aliases": [],
    "minimum-stability": "stable",
    "stability-flags": [],
    "prefer-stable": false,
    "prefer-lowest": false,
    "platform": [],
    "platform-dev": []
}
